
Microsoft Visual Studio Solution File, Format Version 12.00
# Visual Studio Version 17
VisualStudioVersion = 17.9.34622.214
MinimumVisualStudioVersion = 10.0.40219.1
Project("{9A19103F-16F7-4668-BE54-9A1E7A4F7556}") = "CrossTermLib", "CrossTermLib\CrossTermLib.csproj", "{01347CA7-735F-4C47-918A-4BCFB353D355}"
EndProject
Project("{9A19103F-16F7-4668-BE54-9A1E7A4F7556}") = "CrossTermTester", "CrossTermTester\CrossTermTester.csproj", "{E59A01BB-7A87-42E5-B817-48DDA660CCDF}"
EndProject
Project("{9A19103F-16F7-4668-BE54-9A1E7A4F7556}") = "PackageTester", "PackageTester\PackageTester.csproj", "{555E53F1-E4A7-4BB9-8D20-EA09757B45F8}"
EndProject
Project("{FAE04EC0-301F-11D3-BF4B-00C04F79EFBC}") = "CrossTerminal.NET", "CrossTerminal.NET\CrossTerminal.NET.csproj", "{562E0415-851B-46C6-ADAC-2A0010561B30}"
EndProject
Global
	GlobalSection(SolutionConfigurationPlatforms) = preSolution
		Debug|Any CPU = Debug|Any CPU
		Debug|x64 = Debug|x64
		Release|Any CPU = Release|Any CPU
		Release|x64 = Release|x64
	EndGlobalSection
	GlobalSection(ProjectConfigurationPlatforms) = postSolution
		{01347CA7-735F-4C47-918A-4BCFB353D355}.Debug|Any CPU.ActiveCfg = Debug|Any CPU
		{01347CA7-735F-4C47-918A-4BCFB353D355}.Debug|Any CPU.Build.0 = Debug|Any CPU
		{01347CA7-735F-4C47-918A-4BCFB353D355}.Debug|x64.ActiveCfg = Debug|x64
		{01347CA7-735F-4C47-918A-4BCFB353D355}.Debug|x64.Build.0 = Debug|x64
		{01347CA7-735F-4C47-918A-4BCFB353D355}.Release|Any CPU.ActiveCfg = Release|Any CPU
		{01347CA7-735F-4C47-918A-4BCFB353D355}.Release|Any CPU.Build.0 = Release|Any CPU
		{01347CA7-735F-4C47-918A-4BCFB353D355}.Release|x64.ActiveCfg = Release|x64
		{01347CA7-735F-4C47-918A-4BCFB353D355}.Release|x64.Build.0 = Release|x64
		{E59A01BB-7A87-42E5-B817-48DDA660CCDF}.Debug|Any CPU.ActiveCfg = Debug|Any CPU
		{E59A01BB-7A87-42E5-B817-48DDA660CCDF}.Debug|Any CPU.Build.0 = Debug|Any CPU
		{E59A01BB-7A87-42E5-B817-48DDA660CCDF}.Debug|x64.ActiveCfg = Debug|x64
		{E59A01BB-7A87-42E5-B817-48DDA660CCDF}.Debug|x64.Build.0 = Debug|x64
		{E59A01BB-7A87-42E5-B817-48DDA660CCDF}.Release|Any CPU.ActiveCfg = Release|Any CPU
		{E59A01BB-7A87-42E5-B817-48DDA660CCDF}.Release|Any CPU.Build.0 = Release|Any CPU
		{E59A01BB-7A87-42E5-B817-48DDA660CCDF}.Release|x64.ActiveCfg = Release|x64
		{E59A01BB-7A87-42E5-B817-48DDA660CCDF}.Release|x64.Build.0 = Release|x64
		{555E53F1-E4A7-4BB9-8D20-EA09757B45F8}.Debug|Any CPU.ActiveCfg = Debug|Any CPU
		{555E53F1-E4A7-4BB9-8D20-EA09757B45F8}.Debug|Any CPU.Build.0 = Debug|Any CPU
		{555E53F1-E4A7-4BB9-8D20-EA09757B45F8}.Debug|x64.ActiveCfg = Debug|Any CPU
		{555E53F1-E4A7-4BB9-8D20-EA09757B45F8}.Debug|x64.Build.0 = Debug|Any CPU
		{555E53F1-E4A7-4BB9-8D20-EA09757B45F8}.Release|Any CPU.ActiveCfg = Release|Any CPU
		{555E53F1-E4A7-4BB9-8D20-EA09757B45F8}.Release|Any CPU.Build.0 = Release|Any CPU
		{555E53F1-E4A7-4BB9-8D20-EA09757B45F8}.Release|x64.ActiveCfg = Release|Any CPU
		{555E53F1-E4A7-4BB9-8D20-EA09757B45F8}.Release|x64.Build.0 = Release|Any CPU
		{562E0415-851B-46C6-ADAC-2A0010561B30}.Debug|Any CPU.ActiveCfg = Debug|Any CPU
		{562E0415-851B-46C6-ADAC-2A0010561B30}.Debug|Any CPU.Build.0 = Debug|Any CPU
		{562E0415-851B-46C6-ADAC-2A0010561B30}.Debug|x64.ActiveCfg = Debug|Any CPU
		{562E0415-851B-46C6-ADAC-2A0010561B30}.Debug|x64.Build.0 = Debug|Any CPU
		{562E0415-851B-46C6-ADAC-2A0010561B30}.Release|Any CPU.ActiveCfg = Release|Any CPU
		{562E0415-851B-46C6-ADAC-2A0010561B30}.Release|Any CPU.Build.0 = Release|Any CPU
		{562E0415-851B-46C6-ADAC-2A0010561B30}.Release|x64.ActiveCfg = Release|Any CPU
		{562E0415-851B-46C6-ADAC-2A0010561B30}.Release|x64.Build.0 = Release|Any CPU
	EndGlobalSection
	GlobalSection(SolutionProperties) = preSolution
		HideSolutionNode = FALSE
	EndGlobalSection
	GlobalSection(ExtensibilityGlobals) = postSolution
		SolutionGuid = {256F9A89-3BE2-4A88-8C79-C6B37262B2CB}
	EndGlobalSection
EndGlobal
